
Microsoft Visual Studio Solution File, Format Version 12.00
# Visual Studio Version 17
VisualStudioVersion = 17.4.33213.308
MinimumVisualStudioVersion = 10.0.40219.1
Project("{FAE04EC0-301F-11D3-BF4B-00C04F79EFBC}") = "Tarea1", "Tarea1\Tarea1.csproj", "{90F87B8B-FC71-4DCD-8790-4C94F233021A}"
EndProject
Project("{FAE04EC0-301F-11D3-BF4B-00C04F79EFBC}") = "Fibonacci", "Fibonacci\Fibonacci.csproj", "{9346EA22-89CB-4CF7-A3AD-8C6E1D3812B2}"
EndProject
Project("{FAE04EC0-301F-11D3-BF4B-00C04F79EFBC}") = "Calculadora de areas", "Calculadora de areas\Calculadora de areas.csproj", "{15DB7F6D-8D7C-4166-AE86-46BA9FEAB973}"
EndProject
Project("{FAE04EC0-301F-11D3-BF4B-00C04F79EFBC}") = "Volumen de figuras", "Volumen de figuras\Volumen de figuras.csproj", "{8A12EE08-6713-4D83-A0FC-A0D44B33E98E}"
EndProject
Project("{FAE04EC0-301F-11D3-BF4B-00C04F79EFBC}") = "Funciones Trigonometricas", "Funciones Trigonometricas\Funciones Trigonometricas.csproj", "{ECF02B81-9503-44DE-92A0-2DF243BB68AE}"
EndProject
Project("{FAE04EC0-301F-11D3-BF4B-00C04F79EFBC}") = "Operaciones de fracciones", "Operaciones de fracciones\Operaciones de fracciones.csproj", "{569F9263-18AE-4977-A4D9-FD91A1A481F3}"
EndProject
Project("{FAE04EC0-301F-11D3-BF4B-00C04F79EFBC}") = "Permutaciones", "Permutaciones\Permutaciones.csproj", "{7D88298C-5FCA-48A7-BE61-18F05244EBC3}"
EndProject
Project("{FAE04EC0-301F-11D3-BF4B-00C04F79EFBC}") = "Formula general", "Formula general\Formula general.csproj", "{26CC4D76-7B46-46E4-8987-6A7265A0B046}"
EndProject
Project("{FAE04EC0-301F-11D3-BF4B-00C04F79EFBC}") = "Fisica", "Fisica\Fisica.csproj", "{E8CF2208-FBD1-4875-A472-74EF17844306}"
EndProject
Project("{FAE04EC0-301F-11D3-BF4B-00C04F79EFBC}") = "Temperaturas", "Temperaturas\Temperaturas.csproj", "{70C8AC59-A8D0-42D9-880D-73B1407E9415}"
EndProject
Project("{FAE04EC0-301F-11D3-BF4B-00C04F79EFBC}") = "Calificacion", "Calificacion\Calificacion.csproj", "{ED8B3970-E767-4291-89EA-7AA1A72620C8}"
EndProject
Project("{FAE04EC0-301F-11D3-BF4B-00C04F79EFBC}") = "Saldo neto", "Saldo neto\Saldo neto.csproj", "{2ED4459A-D60F-43E6-BE81-8C3036AA96EE}"
EndProject
Project("{FAE04EC0-301F-11D3-BF4B-00C04F79EFBC}") = "Primer grado", "Primer grado\Primer grado.csproj", "{B0906323-53B6-43F0-A8F0-792FE26D58E4}"
EndProject
Global
	GlobalSection(SolutionConfigurationPlatforms) = preSolution
		Debug|Any CPU = Debug|Any CPU
		Release|Any CPU = Release|Any CPU
	EndGlobalSection
	GlobalSection(ProjectConfigurationPlatforms) = postSolution
		{90F87B8B-FC71-4DCD-8790-4C94F233021A}.Debug|Any CPU.ActiveCfg = Debug|Any CPU
		{90F87B8B-FC71-4DCD-8790-4C94F233021A}.Debug|Any CPU.Build.0 = Debug|Any CPU
		{90F87B8B-FC71-4DCD-8790-4C94F233021A}.Release|Any CPU.ActiveCfg = Release|Any CPU
		{90F87B8B-FC71-4DCD-8790-4C94F233021A}.Release|Any CPU.Build.0 = Release|Any CPU
		{9346EA22-89CB-4CF7-A3AD-8C6E1D3812B2}.Debug|Any CPU.ActiveCfg = Debug|Any CPU
		{9346EA22-89CB-4CF7-A3AD-8C6E1D3812B2}.Debug|Any CPU.Build.0 = Debug|Any CPU
		{9346EA22-89CB-4CF7-A3AD-8C6E1D3812B2}.Release|Any CPU.ActiveCfg = Release|Any CPU
		{9346EA22-89CB-4CF7-A3AD-8C6E1D3812B2}.Release|Any CPU.Build.0 = Release|Any CPU
		{15DB7F6D-8D7C-4166-AE86-46BA9FEAB973}.Debug|Any CPU.ActiveCfg = Debug|Any CPU
		{15DB7F6D-8D7C-4166-AE86-46BA9FEAB973}.Debug|Any CPU.Build.0 = Debug|Any CPU
		{15DB7F6D-8D7C-4166-AE86-46BA9FEAB973}.Release|Any CPU.ActiveCfg = Release|Any CPU
		{15DB7F6D-8D7C-4166-AE86-46BA9FEAB973}.Release|Any CPU.Build.0 = Release|Any CPU
		{8A12EE08-6713-4D83-A0FC-A0D44B33E98E}.Debug|Any CPU.ActiveCfg = Debug|Any CPU
		{8A12EE08-6713-4D83-A0FC-A0D44B33E98E}.Debug|Any CPU.Build.0 = Debug|Any CPU
		{8A12EE08-6713-4D83-A0FC-A0D44B33E98E}.Release|Any CPU.ActiveCfg = Release|Any CPU
		{8A12EE08-6713-4D83-A0FC-A0D44B33E98E}.Release|Any CPU.Build.0 = Release|Any CPU
		{ECF02B81-9503-44DE-92A0-2DF243BB68AE}.Debug|Any CPU.ActiveCfg = Debug|Any CPU
		{ECF02B81-9503-44DE-92A0-2DF243BB68AE}.Debug|Any CPU.Build.0 = Debug|Any CPU
		{ECF02B81-9503-44DE-92A0-2DF243BB68AE}.Release|Any CPU.ActiveCfg = Release|Any CPU
		{ECF02B81-9503-44DE-92A0-2DF243BB68AE}.Release|Any CPU.Build.0 = Release|Any CPU
		{569F9263-18AE-4977-A4D9-FD91A1A481F3}.Debug|Any CPU.ActiveCfg = Debug|Any CPU
		{569F9263-18AE-4977-A4D9-FD91A1A481F3}.Debug|Any CPU.Build.0 = Debug|Any CPU
		{569F9263-18AE-4977-A4D9-FD91A1A481F3}.Release|Any CPU.ActiveCfg = Release|Any CPU
		{569F9263-18AE-4977-A4D9-FD91A1A481F3}.Release|Any CPU.Build.0 = Release|Any CPU
		{7D88298C-5FCA-48A7-BE61-18F05244EBC3}.Debug|Any CPU.ActiveCfg = Debug|Any CPU
		{7D88298C-5FCA-48A7-BE61-18F05244EBC3}.Debug|Any CPU.Build.0 = Debug|Any CPU
		{7D88298C-5FCA-48A7-BE61-18F05244EBC3}.Release|Any CPU.ActiveCfg = Release|Any CPU
		{7D88298C-5FCA-48A7-BE61-18F05244EBC3}.Release|Any CPU.Build.0 = Release|Any CPU
		{26CC4D76-7B46-46E4-8987-6A7265A0B046}.Debug|Any CPU.ActiveCfg = Debug|Any CPU
		{26CC4D76-7B46-46E4-8987-6A7265A0B046}.Debug|Any CPU.Build.0 = Debug|Any CPU
		{26CC4D76-7B46-46E4-8987-6A7265A0B046}.Release|Any CPU.ActiveCfg = Release|Any CPU
		{26CC4D76-7B46-46E4-8987-6A7265A0B046}.Release|Any CPU.Build.0 = Release|Any CPU
		{E8CF2208-FBD1-4875-A472-74EF17844306}.Debug|Any CPU.ActiveCfg = Debug|Any CPU
		{E8CF2208-FBD1-4875-A472-74EF17844306}.Debug|Any CPU.Build.0 = Debug|Any CPU
		{E8CF2208-FBD1-4875-A472-74EF17844306}.Release|Any CPU.ActiveCfg = Release|Any CPU
		{E8CF2208-FBD1-4875-A472-74EF17844306}.Release|Any CPU.Build.0 = Release|Any CPU
		{70C8AC59-A8D0-42D9-880D-73B1407E9415}.Debug|Any CPU.ActiveCfg = Debug|Any CPU
		{70C8AC59-A8D0-42D9-880D-73B1407E9415}.Debug|Any CPU.Build.0 = Debug|Any CPU
		{70C8AC59-A8D0-42D9-880D-73B1407E9415}.Release|Any CPU.ActiveCfg = Release|Any CPU
		{70C8AC59-A8D0-42D9-880D-73B1407E9415}.Release|Any CPU.Build.0 = Release|Any CPU
		{ED8B3970-E767-4291-89EA-7AA1A72620C8}.Debug|Any CPU.ActiveCfg = Debug|Any CPU
		{ED8B3970-E767-4291-89EA-7AA1A72620C8}.Debug|Any CPU.Build.0 = Debug|Any CPU
		{ED8B3970-E767-4291-89EA-7AA1A72620C8}.Release|Any CPU.ActiveCfg = Release|Any CPU
		{ED8B3970-E767-4291-89EA-7AA1A72620C8}.Release|Any CPU.Build.0 = Release|Any CPU
		{2ED4459A-D60F-43E6-BE81-8C3036AA96EE}.Debug|Any CPU.ActiveCfg = Debug|Any CPU
		{2ED4459A-D60F-43E6-BE81-8C3036AA96EE}.Debug|Any CPU.Build.0 = Debug|Any CPU
		{2ED4459A-D60F-43E6-BE81-8C3036AA96EE}.Release|Any CPU.ActiveCfg = Release|Any CPU
		{2ED4459A-D60F-43E6-BE81-8C3036AA96EE}.Release|Any CPU.Build.0 = Release|Any CPU
		{B0906323-53B6-43F0-A8F0-792FE26D58E4}.Debug|Any CPU.ActiveCfg = Debug|Any CPU
		{B0906323-53B6-43F0-A8F0-792FE26D58E4}.Debug|Any CPU.Build.0 = Debug|Any CPU
		{B0906323-53B6-43F0-A8F0-792FE26D58E4}.Release|Any CPU.ActiveCfg = Release|Any CPU
		{B0906323-53B6-43F0-A8F0-792FE26D58E4}.Release|Any CPU.Build.0 = Release|Any CPU
	EndGlobalSection
	GlobalSection(SolutionProperties) = preSolution
		HideSolutionNode = FALSE
	EndGlobalSection
	GlobalSection(ExtensibilityGlobals) = postSolution
		SolutionGuid = {0F345AC5-A590-4C95-85BE-481E41BC5A1D}
	EndGlobalSection
EndGlobal
